
Microsoft Visual Studio Solution File, Format Version 12.00
# Visual Studio 15
VisualStudioVersion = 15.0.28307.1169
MinimumVisualStudioVersion = 10.0.40219.1
Project("{FAE04EC0-301F-11D3-BF4B-00C04F79EFBC}") = "FactoryMethod", "FactoryMethod\FactoryMethod.csproj", "{3BACE8AB-AA82-42D3-B49B-9C26B8B273D7}"
EndProject
Global
	GlobalSection(SolutionConfigurationPlatforms) = preSolution
		Debug|Any CPU = Debug|Any CPU
		Release|Any CPU = Release|Any CPU
	EndGlobalSection
	GlobalSection(ProjectConfigurationPlatforms) = postSolution
		{3BACE8AB-AA82-42D3-B49B-9C26B8B273D7}.Debug|Any CPU.ActiveCfg = Debug|Any CPU
		{3BACE8AB-AA82-42D3-B49B-9C26B8B273D7}.Debug|Any CPU.Build.0 = Debug|Any CPU
		{3BACE8AB-AA82-42D3-B49B-9C26B8B273D7}.Release|Any CPU.ActiveCfg = Release|Any CPU
		{3BACE8AB-AA82-42D3-B49B-9C26B8B273D7}.Release|Any CPU.Build.0 = Release|Any CPU
	EndGlobalSection
	GlobalSection(SolutionProperties) = preSolution
		HideSolutionNode = FALSE
	EndGlobalSection
	GlobalSection(ExtensibilityGlobals) = postSolution
		SolutionGuid = {2D190488-DCD4-4167-8FC3-A76A251A5CC1}
	EndGlobalSection
EndGlobal
